// !$*UTF8*$!
{
	archiveVersion = 1;
	classes = {
	};
	objectVersion = 46;
	objects = {

/* Begin PBXBuildFile section */
		4D65E6A81D93BC8600AA0008 /* Constants.swift in Sources */ = {isa = PBXBuildFile; fileRef = 4D65E6A71D93BC8600AA0008 /* Constants.swift */; };
		4D9B94401D92746900E985CB /* AppDelegate.swift in Sources */ = {isa = PBXBuildFile; fileRef = 4D9B943F1D92746900E985CB /* AppDelegate.swift */; };
		4D9B94421D92746900E985CB /* ViewController.swift in Sources */ = {isa = PBXBuildFile; fileRef = 4D9B94411D92746900E985CB /* ViewController.swift */; };
		4D9B94451D92746900E985CB /* Main.storyboard in Resources */ = {isa = PBXBuildFile; fileRef = 4D9B94431D92746900E985CB /* Main.storyboard */; };
		4D9B94471D92746900E985CB /* Assets.xcassets in Resources */ = {isa = PBXBuildFile; fileRef = 4D9B94461D92746900E985CB /* Assets.xcassets */; };
		4D9B944A1D92746900E985CB /* LaunchScreen.storyboard in Resources */ = {isa = PBXBuildFile; fileRef = 4D9B94481D92746900E985CB /* LaunchScreen.storyboard */; };
		4D9B94521D92769E00E985CB /* pokemon.csv in Resources */ = {isa = PBXBuildFile; fileRef = 4D9B94511D92769E00E985CB /* pokemon.csv */; };
		4D9B94551D9277A200E985CB /* Pokemon.swift in Sources */ = {isa = PBXBuildFile; fileRef = 4D9B94541D9277A200E985CB /* Pokemon.swift */; };
		4D9B94581D92813000E985CB /* PokeCell.swift in Sources */ = {isa = PBXBuildFile; fileRef = 4D9B94571D92813000E985CB /* PokeCell.swift */; };
		4D9B945A1D928BB600E985CB /* csv.swift in Sources */ = {isa = PBXBuildFile; fileRef = 4D9B94591D928BB600E985CB /* csv.swift */; };
		4D9B945C1D928F6D00E985CB /* pokemon.ttf in Resources */ = {isa = PBXBuildFile; fileRef = 4D9B945B1D928F6D00E985CB /* pokemon.ttf */; };
		4D9B94611D9290AD00E985CB /* music.png in Resources */ = {isa = PBXBuildFile; fileRef = 4D9B94601D9290AD00E985CB /* music.png */; };
		4D9B94631D92912200E985CB /* music.mp3 in Resources */ = {isa = PBXBuildFile; fileRef = 4D9B94621D92912200E985CB /* music.mp3 */; };
		4D9B94651D9299A700E985CB /* PokemonDetailVC.swift in Sources */ = {isa = PBXBuildFile; fileRef = 4D9B94641D9299A700E985CB /* PokemonDetailVC.swift */; };
		543CB696913F4662B6790A58 /* Pods_pokedex3.framework in Frameworks */ = {isa = PBXBuildFile; fileRef = 54D991576FE40B6B77498659 /* Pods_pokedex3.framework */; };
/* End PBXBuildFile section */

/* Begin PBXFileReference section */
		4D65E6A71D93BC8600AA0008 /* Constants.swift */ = {isa = PBXFileReference; fileEncoding = 4; lastKnownFileType = sourcecode.swift; path = Constants.swift; sourceTree = "<group>"; };
		4D9B943C1D92746900E985CB /* pokedex3.app */ = {isa = PBXFileReference; explicitFileType = wrapper.application; includeInIndex = 0; path = pokedex3.app; sourceTree = BUILT_PRODUCTS_DIR; };
		4D9B943F1D92746900E985CB /* AppDelegate.swift */ = {isa = PBXFileReference; lastKnownFileType = sourcecode.swift; path = AppDelegate.swift; sourceTree = "<group>"; };
		4D9B94411D92746900E985CB /* ViewController.swift */ = {isa = PBXFileReference; lastKnownFileType = sourcecode.swift; path = ViewController.swift; sourceTree = "<group>"; };
		4D9B94441D92746900E985CB /* Base */ = {isa = PBXFileReference; lastKnownFileType = file.storyboard; name = Base; path = Base.lproj/Main.storyboard; sourceTree = "<group>"; };
		4D9B94461D92746900E985CB /* Assets.xcassets */ = {isa = PBXFileReference; lastKnownFileType = folder.assetcatalog; path = Assets.xcassets; sourceTree = "<group>"; };
		4D9B94491D92746900E985CB /* Base */ = {isa = PBXFileReference; lastKnownFileType = file.storyboard; name = Base; path = Base.lproj/LaunchScreen.storyboard; sourceTree = "<group>"; };
		4D9B944B1D92746900E985CB /* Info.plist */ = {isa = PBXFileReference; lastKnownFileType = text.plist.xml; path = Info.plist; sourceTree = "<group>"; };
		4D9B94511D92769E00E985CB /* pokemon.csv */ = {isa = PBXFileReference; fileEncoding = 4; lastKnownFileType = text; path = pokemon.csv; sourceTree = "<group>"; };
		4D9B94541D9277A200E985CB /* Pokemon.swift */ = {isa = PBXFileReference; fileEncoding = 4; lastKnownFileType = sourcecode.swift; path = Pokemon.swift; sourceTree = "<group>"; };
		4D9B94571D92813000E985CB /* PokeCell.swift */ = {isa = PBXFileReference; fileEncoding = 4; lastKnownFileType = sourcecode.swift; path = PokeCell.swift; sourceTree = "<group>"; };
		4D9B94591D928BB600E985CB /* csv.swift */ = {isa = PBXFileReference; fileEncoding = 4; lastKnownFileType = sourcecode.swift; path = csv.swift; sourceTree = "<group>"; };
		4D9B945B1D928F6D00E985CB /* pokemon.ttf */ = {isa = PBXFileReference; lastKnownFileType = file; path = pokemon.ttf; sourceTree = "<group>"; };
		4D9B94601D9290AD00E985CB /* music.png */ = {isa = PBXFileReference; lastKnownFileType = image.png; path = music.png; sourceTree = "<group>"; };
		4D9B94621D92912200E985CB /* music.mp3 */ = {isa = PBXFileReference; lastKnownFileType = audio.mp3; path = music.mp3; sourceTree = "<group>"; };
		4D9B94641D9299A700E985CB /* PokemonDetailVC.swift */ = {isa = PBXFileReference; fileEncoding = 4; lastKnownFileType = sourcecode.swift; path = PokemonDetailVC.swift; sourceTree = "<group>"; };
		54D991576FE40B6B77498659 /* Pods_pokedex3.framework */ = {isa = PBXFileReference; explicitFileType = wrapper.framework; includeInIndex = 0; path = Pods_pokedex3.framework; sourceTree = BUILT_PRODUCTS_DIR; };
		63A19F900BD1597E617954F5 /* Pods-pokedex3.release.xcconfig */ = {isa = PBXFileReference; includeInIndex = 1; lastKnownFileType = text.xcconfig; name = "Pods-pokedex3.release.xcconfig"; path = "Pods/Target Support Files/Pods-pokedex3/Pods-pokedex3.release.xcconfig"; sourceTree = "<group>"; };
		7DAB87E8FD9F503999E7B49C /* Pods-pokedex3.debug.xcconfig */ = {isa = PBXFileReference; includeInIndex = 1; lastKnownFileType = text.xcconfig; name = "Pods-pokedex3.debug.xcconfig"; path = "Pods/Target Support Files/Pods-pokedex3/Pods-pokedex3.debug.xcconfig"; sourceTree = "<group>"; };
/* End PBXFileReference section */

/* Begin PBXFrameworksBuildPhase section */
		4D9B94391D92746900E985CB /* Frameworks */ = {
			isa = PBXFrameworksBuildPhase;
			buildActionMask = 2147483647;
			files = (
				543CB696913F4662B6790A58 /* Pods_pokedex3.framework in Frameworks */,
			);
			runOnlyForDeploymentPostprocessing = 0;
		};
/* End PBXFrameworksBuildPhase section */

/* Begin PBXGroup section */
		4D9B94331D92746900E985CB = {
			isa = PBXGroup;
			children = (
				4D9B943E1D92746900E985CB /* pokedex3 */,
				4D9B943D1D92746900E985CB /* Products */,
				673D4480DA001A1A344E6D9E /* Pods */,
				C6B95C20D5667816923720A0 /* Frameworks */,
			);
			sourceTree = "<group>";
		};
		4D9B943D1D92746900E985CB /* Products */ = {
			isa = PBXGroup;
			children = (
				4D9B943C1D92746900E985CB /* pokedex3.app */,
			);
			name = Products;
			sourceTree = "<group>";
		};
		4D9B943E1D92746900E985CB /* pokedex3 */ = {
			isa = PBXGroup;
			children = (
				4D9B94531D92779200E985CB /* Model */,
				4D9B94561D9280C500E985CB /* View */,
				4D9B945D1D928F7F00E985CB /* Controller */,
				4D9B945E1D928F9900E985CB /* Resources */,
				4D9B945F1D928FB600E985CB /* Util */,
				4D9B943F1D92746900E985CB /* AppDelegate.swift */,
				4D9B94431D92746900E985CB /* Main.storyboard */,
				4D9B94461D92746900E985CB /* Assets.xcassets */,
				4D9B94481D92746900E985CB /* LaunchScreen.storyboard */,
				4D9B944B1D92746900E985CB /* Info.plist */,
			);
			path = pokedex3;
			sourceTree = "<group>";
		};
		4D9B94531D92779200E985CB /* Model */ = {
			isa = PBXGroup;
			children = (
				4D9B94541D9277A200E985CB /* Pokemon.swift */,
			);
			name = Model;
			sourceTree = "<group>";
		};
		4D9B94561D9280C500E985CB /* View */ = {
			isa = PBXGroup;
			children = (
				4D9B94571D92813000E985CB /* PokeCell.swift */,
			);
			name = View;
			sourceTree = "<group>";
		};
		4D9B945D1D928F7F00E985CB /* Controller */ = {
			isa = PBXGroup;
			children = (
				4D9B94411D92746900E985CB /* ViewController.swift */,
				4D9B94641D9299A700E985CB /* PokemonDetailVC.swift */,
			);
			name = Controller;
			sourceTree = "<group>";
		};
		4D9B945E1D928F9900E985CB /* Resources */ = {
			isa = PBXGroup;
			children = (
				4D9B945B1D928F6D00E985CB /* pokemon.ttf */,
				4D9B94511D92769E00E985CB /* pokemon.csv */,
				4D9B94601D9290AD00E985CB /* music.png */,
				4D9B94621D92912200E985CB /* music.mp3 */,
			);
			name = Resources;
			sourceTree = "<group>";
		};
		4D9B945F1D928FB600E985CB /* Util */ = {
			isa = PBXGroup;
			children = (
				4D9B94591D928BB600E985CB /* csv.swift */,
				4D65E6A71D93BC8600AA0008 /* Constants.swift */,
			);
			name = Util;
			sourceTree = "<group>";
		};
		673D4480DA001A1A344E6D9E /* Pods */ = {
			isa = PBXGroup;
			children = (
				7DAB87E8FD9F503999E7B49C /* Pods-pokedex3.debug.xcconfig */,
				63A19F900BD1597E617954F5 /* Pods-pokedex3.release.xcconfig */,
			);
			name = Pods;
			sourceTree = "<group>";
		};
		C6B95C20D5667816923720A0 /* Frameworks */ = {
			isa = PBXGroup;
			children = (
				54D991576FE40B6B77498659 /* Pods_pokedex3.framework */,
			);
			name = Frameworks;
			sourceTree = "<group>";
		};
/* End PBXGroup section */

/* Begin PBXNativeTarget section */
		4D9B943B1D92746900E985CB /* pokedex3 */ = {
			isa = PBXNativeTarget;
			buildConfigurationList = 4D9B944E1D92746900E985CB /* Build configuration list for PBXNativeTarget "pokedex3" */;
			buildPhases = (
				916E7799FD231A86E012277A /* [CP] Check Pods Manifest.lock */,
				4D9B94381D92746900E985CB /* Sources */,
				4D9B94391D92746900E985CB /* Frameworks */,
				4D9B943A1D92746900E985CB /* Resources */,
				934C02A6DD6119D794C1CDCB /* [CP] Embed Pods Frameworks */,
				B0752910C4378A14E45C8398 /* [CP] Copy Pods Resources */,
			);
			buildRules = (
			);
			dependencies = (
			);
			name = pokedex3;
			productName = pokedex3;
			productReference = 4D9B943C1D92746900E985CB /* pokedex3.app */;
			productType = "com.apple.product-type.application";
		};
/* End PBXNativeTarget section */

/* Begin PBXProject section */
		4D9B94341D92746900E985CB /* Project object */ = {
			isa = PBXProject;
			attributes = {
				LastSwiftUpdateCheck = 0800;
				LastUpgradeCheck = 0800;
				ORGANIZATIONNAME = margibs;
				TargetAttributes = {
					4D9B943B1D92746900E985CB = {
						CreatedOnToolsVersion = 8.0;
						LastSwiftMigration = 0800;
						ProvisioningStyle = Automatic;
					};
				};
			};
			buildConfigurationList = 4D9B94371D92746900E985CB /* Build configuration list for PBXProject "pokedex3" */;
			compatibilityVersion = "Xcode 3.2";
			developmentRegion = English;
			hasScannedForEncodings = 0;
			knownRegions = (
				en,
				Base,
			);
			mainGroup = 4D9B94331D92746900E985CB;
			productRefGroup = 4D9B943D1D92746900E985CB /* Products */;
			projectDirPath = "";
			projectRoot = "";
			targets = (
				4D9B943B1D92746900E985CB /* pokedex3 */,
			);
		};
/* End PBXProject section */

/* Begin PBXResourcesBuildPhase section */
		4D9B943A1D92746900E985CB /* Resources */ = {
			isa = PBXResourcesBuildPhase;
			buildActionMask = 2147483647;
			files = (
				4D9B945C1D928F6D00E985CB /* pokemon.ttf in Resources */,
				4D9B944A1D92746900E985CB /* LaunchScreen.storyboard in Resources */,
				4D9B94471D92746900E985CB /* Assets.xcassets in Resources */,
				4D9B94521D92769E00E985CB /* pokemon.csv in Resources */,
				4D9B94451D92746900E985CB /* Main.storyboard in Resources */,
				4D9B94631D92912200E985CB /* music.mp3 in Resources */,
				4D9B94611D9290AD00E985CB /* music.png in Resources */,
			);
			runOnlyForDeploymentPostprocessing = 0;
		};
/* End PBXResourcesBuildPhase section */

/* Begin PBXShellScriptBuildPhase section */
		916E7799FD231A86E012277A /* [CP] Check Pods Manifest.lock */ = {
			isa = PBXShellScriptBuildPhase;
			buildActionMask = 2147483647;
			files = (
			);
			inputPaths = (
			);
			name = "[CP] Check Pods Manifest.lock";
			outputPaths = (
			);
			runOnlyForDeploymentPostprocessing = 0;
			shellPath = /bin/sh;
			shellScript = "diff \"${PODS_ROOT}/../Podfile.lock\" \"${PODS_ROOT}/Manifest.lock\" > /dev/null\nif [ $? != 0 ] ; then\n    # print error to STDERR\n    echo \"error: The sandbox is not in sync with the Podfile.lock. Run 'pod install' or update your CocoaPods installation.\" >&2\n    exit 1\nfi\n";
			showEnvVarsInLog = 0;
		};
		934C02A6DD6119D794C1CDCB /* [CP] Embed Pods Frameworks */ = {
			isa = PBXShellScriptBuildPhase;
			buildActionMask = 2147483647;
			files = (
			);
			inputPaths = (
			);
			name = "[CP] Embed Pods Frameworks";
			outputPaths = (
			);
			runOnlyForDeploymentPostprocessing = 0;
			shellPath = /bin/sh;
			shellScript = "\"${SRCROOT}/Pods/Target Support Files/Pods-pokedex3/Pods-pokedex3-frameworks.sh\"\n";
			showEnvVarsInLog = 0;
		};
		B0752910C4378A14E45C8398 /* [CP] Copy Pods Resources */ = {
			isa = PBXShellScriptBuildPhase;
			buildActionMask = 2147483647;
			files = (
			);
			inputPaths = (
			);
			name = "[CP] Copy Pods Resources";
			outputPaths = (
			);
			runOnlyForDeploymentPostprocessing = 0;
			shellPath = /bin/sh;
			shellScript = "\"${SRCROOT}/Pods/Target Support Files/Pods-pokedex3/Pods-pokedex3-resources.sh\"\n";
			showEnvVarsInLog = 0;
		};
/* End PBXShellScriptBuildPhase section */

/* Begin PBXSourcesBuildPhase section */
		4D9B94381D92746900E985CB /* Sources */ = {
			isa = PBXSourcesBuildPhase;
			buildActionMask = 2147483647;
			files = (
				4D9B94581D92813000E985CB /* PokeCell.swift in Sources */,
				4D9B94421D92746900E985CB /* ViewController.swift in Sources */,
				4D9B94401D92746900E985CB /* AppDelegate.swift in Sources */,
				4D9B94651D9299A700E985CB /* PokemonDetailVC.swift in Sources */,
				4D65E6A81D93BC8600AA0008 /* Constants.swift in Sources */,
				4D9B94551D9277A200E985CB /* Pokemon.swift in Sources */,
				4D9B945A1D928BB600E985CB /* csv.swift in Sources */,
			);
			runOnlyForDeploymentPostprocessing = 0;
		};
/* End PBXSourcesBuildPhase section */

/* Begin PBXVariantGroup section */
		4D9B94431D92746900E985CB /* Main.storyboard */ = {
			isa = PBXVariantGroup;
			children = (
				4D9B94441D92746900E985CB /* Base */,
			);
			name = Main.storyboard;
			sourceTree = "<group>";
		};
		4D9B94481D92746900E985CB /* LaunchScreen.storyboard */ = {
			isa = PBXVariantGroup;
			children = (
				4D9B94491D92746900E985CB /* Base */,
			);
			name = LaunchScreen.storyboard;
			sourceTree = "<group>";
		};
/* End PBXVariantGroup section */

/* Begin XCBuildConfiguration section */
		4D9B944C1D92746900E985CB /* Debug */ = {
			isa = XCBuildConfiguration;
			buildSettings = {
				ALWAYS_SEARCH_USER_PATHS = NO;
				CLANG_ANALYZER_NONNULL = YES;
				CLANG_CXX_LANGUAGE_STANDARD = "gnu++0x";
				CLANG_CXX_LIBRARY = "libc++";
				CLANG_ENABLE_MODULES = YES;
				CLANG_ENABLE_OBJC_ARC = YES;
				CLANG_WARN_BOOL_CONVERSION = YES;
				CLANG_WARN_CONSTANT_CONVERSION = YES;
				CLANG_WARN_DIRECT_OBJC_ISA_USAGE = YES_ERROR;
				CLANG_WARN_DOCUMENTATION_COMMENTS = YES;
				CLANG_WARN_EMPTY_BODY = YES;
				CLANG_WARN_ENUM_CONVERSION = YES;
				CLANG_WARN_INFINITE_RECURSION = YES;
				CLANG_WARN_INT_CONVERSION = YES;
				CLANG_WARN_OBJC_ROOT_CLASS = YES_ERROR;
				CLANG_WARN_SUSPICIOUS_MOVES = YES;
				CLANG_WARN_UNREACHABLE_CODE = YES;
				CLANG_WARN__DUPLICATE_METHOD_MATCH = YES;
				"CODE_SIGN_IDENTITY[sdk=iphoneos*]" = "iPhone Developer";
				COPY_PHASE_STRIP = NO;
				DEBUG_INFORMATION_FORMAT = dwarf;
				ENABLE_STRICT_OBJC_MSGSEND = YES;
				ENABLE_TESTABILITY = YES;
				GCC_C_LANGUAGE_STANDARD = gnu99;
				GCC_DYNAMIC_NO_PIC = NO;
				GCC_NO_COMMON_BLOCKS = YES;
				GCC_OPTIMIZATION_LEVEL = 0;
				GCC_PREPROCESSOR_DEFINITIONS = (
					"DEBUG=1",
					"$(inherited)",
				);
				GCC_WARN_64_TO_32_BIT_CONVERSION = YES;
				GCC_WARN_ABOUT_RETURN_TYPE = YES_ERROR;
				GCC_WARN_UNDECLARED_SELECTOR = YES;
				GCC_WARN_UNINITIALIZED_AUTOS = YES_AGGRESSIVE;
				GCC_WARN_UNUSED_FUNCTION = YES;
				GCC_WARN_UNUSED_VARIABLE = YES;
				IPHONEOS_DEPLOYMENT_TARGET = 10.0;
				MTL_ENABLE_DEBUG_INFO = YES;
				ONLY_ACTIVE_ARCH = YES;
				SDKROOT = iphoneos;
				SWIFT_ACTIVE_COMPILATION_CONDITIONS = DEBUG;
				SWIFT_OPTIMIZATION_LEVEL = "-Onone";
			};
			name = Debug;
		};
		4D9B944D1D92746900E985CB /* Release */ = {
			isa = XCBuildConfiguration;
			buildSettings = {
				ALWAYS_SEARCH_USER_PATHS = NO;
				CLANG_ANALYZER_NONNULL = YES;
				CLANG_CXX_LANGUAGE_STANDARD = "gnu++0x";
				CLANG_CXX_LIBRARY = "libc++";
				CLANG_ENABLE_MODULES = YES;
				CLANG_ENABLE_OBJC_ARC = YES;
				CLANG_WARN_BOOL_CONVERSION = YES;
				CLANG_WARN_CONSTANT_CONVERSION = YES;
				CLANG_WARN_DIRECT_OBJC_ISA_USAGE = YES_ERROR;
				CLANG_WARN_DOCUMENTATION_COMMENTS = YES;
				CLANG_WARN_EMPTY_BODY = YES;
				CLANG_WARN_ENUM_CONVERSION = YES;
				CLANG_WARN_INFINITE_RECURSION = YES;
				CLANG_WARN_INT_CONVERSION = YES;
				CLANG_WARN_OBJC_ROOT_CLASS = YES_ERROR;
				CLANG_WARN_SUSPICIOUS_MOVES = YES;
				CLANG_WARN_UNREACHABLE_CODE = YES;
				CLANG_WARN__DUPLICATE_METHOD_MATCH = YES;
				"CODE_SIGN_IDENTITY[sdk=iphoneos*]" = "iPhone Developer";
				COPY_PHASE_STRIP = NO;
				DEBUG_INFORMATION_FORMAT = "dwarf-with-dsym";
				ENABLE_NS_ASSERTIONS = NO;
				ENABLE_STRICT_OBJC_MSGSEND = YES;
				GCC_C_LANGUAGE_STANDARD = gnu99;
				GCC_NO_COMMON_BLOCKS = YES;
				GCC_WARN_64_TO_32_BIT_CONVERSION = YES;
				GCC_WARN_ABOUT_RETURN_TYPE = YES_ERROR;
				GCC_WARN_UNDECLARED_SELECTOR = YES;
				GCC_WARN_UNINITIALIZED_AUTOS = YES_AGGRESSIVE;
				GCC_WARN_UNUSED_FUNCTION = YES;
				GCC_WARN_UNUSED_VARIABLE = YES;
				IPHONEOS_DEPLOYMENT_TARGET = 10.0;
				MTL_ENABLE_DEBUG_INFO = NO;
				SDKROOT = iphoneos;
				SWIFT_OPTIMIZATION_LEVEL = "-Owholemodule";
				VALIDATE_PRODUCT = YES;
			};
			name = Release;
		};
		4D9B944F1D92746900E985CB /* Debug */ = {
			isa = XCBuildConfiguration;
			baseConfigurationReference = 7DAB87E8FD9F503999E7B49C /* Pods-pokedex3.debug.xcconfig */;
			buildSettings = {
				ASSETCATALOG_COMPILER_APPICON_NAME = AppIcon;
				INFOPLIST_FILE = pokedex3/Info.plist;
				LD_RUNPATH_SEARCH_PATHS = "$(inherited) @executable_path/Frameworks";
				PRODUCT_BUNDLE_IDENTIFIER = com.watermelon.pokedex3;
				PRODUCT_NAME = "$(TARGET_NAME)";
				SWIFT_VERSION = 3.0;
			};
			name = Debug;
		};
		4D9B94501D92746900E985CB /* Release */ = {
			isa = XCBuildConfiguration;
			baseConfigurationReference = 63A19F900BD1597E617954F5 /* Pods-pokedex3.release.xcconfig */;
			buildSettings = {
				ASSETCATALOG_COMPILER_APPICON_NAME = AppIcon;
				INFOPLIST_FILE = pokedex3/Info.plist;
				LD_RUNPATH_SEARCH_PATHS = "$(inherited) @executable_path/Frameworks";
				PRODUCT_BUNDLE_IDENTIFIER = com.watermelon.pokedex3;
				PRODUCT_NAME = "$(TARGET_NAME)";
				SWIFT_VERSION = 3.0;
			};
			name = Release;
		};
/* End XCBuildConfiguration section */

/* Begin XCConfigurationList section */
		4D9B94371D92746900E985CB /* Build configuration list for PBXProject "pokedex3" */ = {
			isa = XCConfigurationList;
			buildConfigurations = (
				4D9B944C1D92746900E985CB /* Debug */,
				4D9B944D1D92746900E985CB /* Release */,
			);
			defaultConfigurationIsVisible = 0;
			defaultConfigurationName = Release;
		};
		4D9B944E1D92746900E985CB /* Build configuration list for PBXNativeTarget "pokedex3" */ = {
			isa = XCConfigurationList;
			buildConfigurations = (
				4D9B944F1D92746900E985CB /* Debug */,
				4D9B94501D92746900E985CB /* Release */,
			);
			defaultConfigurationIsVisible = 0;
			defaultConfigurationName = Release;
		};
/* End XCConfigurationList section */
	};
	rootObject = 4D9B94341D92746900E985CB /* Project object */;
}
